
Microsoft Visual Studio Solution File, Format Version 12.00
# Visual Studio Version 16
VisualStudioVersion = 16.0.30711.63
MinimumVisualStudioVersion = 10.0.40219.1
Project("{FAE04EC0-301F-11D3-BF4B-00C04F79EFBC}") = "Hashingmac", "Hashingmac\Hashingmac.csproj", "{78A801CB-50FA-4A2C-B8D3-04488EC9B8EC}"
EndProject
Global
	GlobalSection(SolutionConfigurationPlatforms) = preSolution
		Debug|Any CPU = Debug|Any CPU
		Release|Any CPU = Release|Any CPU
	EndGlobalSection
	GlobalSection(ProjectConfigurationPlatforms) = postSolution
		{78A801CB-50FA-4A2C-B8D3-04488EC9B8EC}.Debug|Any CPU.ActiveCfg = Debug|Any CPU
		{78A801CB-50FA-4A2C-B8D3-04488EC9B8EC}.Debug|Any CPU.Build.0 = Debug|Any CPU
		{78A801CB-50FA-4A2C-B8D3-04488EC9B8EC}.Release|Any CPU.ActiveCfg = Release|Any CPU
		{78A801CB-50FA-4A2C-B8D3-04488EC9B8EC}.Release|Any CPU.Build.0 = Release|Any CPU
	EndGlobalSection
	GlobalSection(SolutionProperties) = preSolution
		HideSolutionNode = FALSE
	EndGlobalSection
	GlobalSection(ExtensibilityGlobals) = postSolution
		SolutionGuid = {74C5E7D2-2F6B-4ECD-A720-A6F2462865B9}
	EndGlobalSection
EndGlobal
